// !$*UTF8*$!
{
	archiveVersion = 1;
	classes = {
	};
	objectVersion = 50;
	objects = {

/* Begin PBXBuildFile section */
		72DC1BC125C9825A00571CBE /* ResultViewController.swift in Sources */ = {isa = PBXBuildFile; fileRef = 72DC1BC025C9825A00571CBE /* ResultViewController.swift */; };
		72DC1BC625C9833600571CBE /* totalScore.swift in Sources */ = {isa = PBXBuildFile; fileRef = 72DC1BC525C9833600571CBE /* totalScore.swift */; };
		72DE7BB025C69D71006385C3 /* AppDelegate.swift in Sources */ = {isa = PBXBuildFile; fileRef = 72DE7BAF25C69D71006385C3 /* AppDelegate.swift */; };
		72DE7BB225C69D71006385C3 /* SceneDelegate.swift in Sources */ = {isa = PBXBuildFile; fileRef = 72DE7BB125C69D71006385C3 /* SceneDelegate.swift */; };
		72DE7BB425C69D71006385C3 /* ViewController.swift in Sources */ = {isa = PBXBuildFile; fileRef = 72DE7BB325C69D71006385C3 /* ViewController.swift */; };
		72DE7BB725C69D71006385C3 /* Main.storyboard in Resources */ = {isa = PBXBuildFile; fileRef = 72DE7BB525C69D71006385C3 /* Main.storyboard */; };
		72DE7BB925C69D74006385C3 /* Assets.xcassets in Resources */ = {isa = PBXBuildFile; fileRef = 72DE7BB825C69D74006385C3 /* Assets.xcassets */; };
		72DE7BBC25C69D74006385C3 /* LaunchScreen.storyboard in Resources */ = {isa = PBXBuildFile; fileRef = 72DE7BBA25C69D74006385C3 /* LaunchScreen.storyboard */; };
		72DE7BC725C69D74006385C3 /* ChosenOneTests.swift in Sources */ = {isa = PBXBuildFile; fileRef = 72DE7BC625C69D74006385C3 /* ChosenOneTests.swift */; };
		72DE7BD225C69D74006385C3 /* ChosenOneUITests.swift in Sources */ = {isa = PBXBuildFile; fileRef = 72DE7BD125C69D74006385C3 /* ChosenOneUITests.swift */; };
/* End PBXBuildFile section */

/* Begin PBXContainerItemProxy section */
		72DE7BC325C69D74006385C3 /* PBXContainerItemProxy */ = {
			isa = PBXContainerItemProxy;
			containerPortal = 72DE7BA425C69D71006385C3 /* Project object */;
			proxyType = 1;
			remoteGlobalIDString = 72DE7BAB25C69D71006385C3;
			remoteInfo = ChosenOne;
		};
		72DE7BCE25C69D74006385C3 /* PBXContainerItemProxy */ = {
			isa = PBXContainerItemProxy;
			containerPortal = 72DE7BA425C69D71006385C3 /* Project object */;
			proxyType = 1;
			remoteGlobalIDString = 72DE7BAB25C69D71006385C3;
			remoteInfo = ChosenOne;
		};
/* End PBXContainerItemProxy section */

/* Begin PBXFileReference section */
		72DC1BC025C9825A00571CBE /* ResultViewController.swift */ = {isa = PBXFileReference; lastKnownFileType = sourcecode.swift; path = ResultViewController.swift; sourceTree = "<group>"; };
		72DC1BC525C9833600571CBE /* totalScore.swift */ = {isa = PBXFileReference; lastKnownFileType = sourcecode.swift; path = totalScore.swift; sourceTree = "<group>"; };
		72DE7BAC25C69D71006385C3 /* ChosenOne.app */ = {isa = PBXFileReference; explicitFileType = wrapper.application; includeInIndex = 0; path = ChosenOne.app; sourceTree = BUILT_PRODUCTS_DIR; };
		72DE7BAF25C69D71006385C3 /* AppDelegate.swift */ = {isa = PBXFileReference; lastKnownFileType = sourcecode.swift; path = AppDelegate.swift; sourceTree = "<group>"; };
		72DE7BB125C69D71006385C3 /* SceneDelegate.swift */ = {isa = PBXFileReference; lastKnownFileType = sourcecode.swift; path = SceneDelegate.swift; sourceTree = "<group>"; };
		72DE7BB325C69D71006385C3 /* ViewController.swift */ = {isa = PBXFileReference; lastKnownFileType = sourcecode.swift; path = ViewController.swift; sourceTree = "<group>"; };
		72DE7BB625C69D71006385C3 /* Base */ = {isa = PBXFileReference; lastKnownFileType = file.storyboard; name = Base; path = Base.lproj/Main.storyboard; sourceTree = "<group>"; };
		72DE7BB825C69D74006385C3 /* Assets.xcassets */ = {isa = PBXFileReference; lastKnownFileType = folder.assetcatalog; path = Assets.xcassets; sourceTree = "<group>"; };
		72DE7BBB25C69D74006385C3 /* Base */ = {isa = PBXFileReference; lastKnownFileType = file.storyboard; name = Base; path = Base.lproj/LaunchScreen.storyboard; sourceTree = "<group>"; };
		72DE7BBD25C69D74006385C3 /* Info.plist */ = {isa = PBXFileReference; lastKnownFileType = text.plist.xml; path = Info.plist; sourceTree = "<group>"; };
		72DE7BC225C69D74006385C3 /* ChosenOneTests.xctest */ = {isa = PBXFileReference; explicitFileType = wrapper.cfbundle; includeInIndex = 0; path = ChosenOneTests.xctest; sourceTree = BUILT_PRODUCTS_DIR; };
		72DE7BC625C69D74006385C3 /* ChosenOneTests.swift */ = {isa = PBXFileReference; lastKnownFileType = sourcecode.swift; path = ChosenOneTests.swift; sourceTree = "<group>"; };
		72DE7BC825C69D74006385C3 /* Info.plist */ = {isa = PBXFileReference; lastKnownFileType = text.plist.xml; path = Info.plist; sourceTree = "<group>"; };
		72DE7BCD25C69D74006385C3 /* ChosenOneUITests.xctest */ = {isa = PBXFileReference; explicitFileType = wrapper.cfbundle; includeInIndex = 0; path = ChosenOneUITests.xctest; sourceTree = BUILT_PRODUCTS_DIR; };
		72DE7BD125C69D74006385C3 /* ChosenOneUITests.swift */ = {isa = PBXFileReference; lastKnownFileType = sourcecode.swift; path = ChosenOneUITests.swift; sourceTree = "<group>"; };
		72DE7BD325C69D74006385C3 /* Info.plist */ = {isa = PBXFileReference; lastKnownFileType = text.plist.xml; path = Info.plist; sourceTree = "<group>"; };
/* End PBXFileReference section */

/* Begin PBXFrameworksBuildPhase section */
		72DE7BA925C69D71006385C3 /* Frameworks */ = {
			isa = PBXFrameworksBuildPhase;
			buildActionMask = 2147483647;
			files = (
			);
			runOnlyForDeploymentPostprocessing = 0;
		};
		72DE7BBF25C69D74006385C3 /* Frameworks */ = {
			isa = PBXFrameworksBuildPhase;
			buildActionMask = 2147483647;
			files = (
			);
			runOnlyForDeploymentPostprocessing = 0;
		};
		72DE7BCA25C69D74006385C3 /* Frameworks */ = {
			isa = PBXFrameworksBuildPhase;
			buildActionMask = 2147483647;
			files = (
			);
			runOnlyForDeploymentPostprocessing = 0;
		};
/* End PBXFrameworksBuildPhase section */

/* Begin PBXGroup section */
		72DE7BA325C69D71006385C3 = {
			isa = PBXGroup;
			children = (
				72DE7BAE25C69D71006385C3 /* ChosenOne */,
				72DE7BC525C69D74006385C3 /* ChosenOneTests */,
				72DE7BD025C69D74006385C3 /* ChosenOneUITests */,
				72DE7BAD25C69D71006385C3 /* Products */,
			);
			sourceTree = "<group>";
		};
		72DE7BAD25C69D71006385C3 /* Products */ = {
			isa = PBXGroup;
			children = (
				72DE7BAC25C69D71006385C3 /* ChosenOne.app */,
				72DE7BC225C69D74006385C3 /* ChosenOneTests.xctest */,
				72DE7BCD25C69D74006385C3 /* ChosenOneUITests.xctest */,
			);
			name = Products;
			sourceTree = "<group>";
		};
		72DE7BAE25C69D71006385C3 /* ChosenOne */ = {
			isa = PBXGroup;
			children = (
				72DE7BAF25C69D71006385C3 /* AppDelegate.swift */,
				72DE7BB125C69D71006385C3 /* SceneDelegate.swift */,
				72DE7BB325C69D71006385C3 /* ViewController.swift */,
				72DE7BB525C69D71006385C3 /* Main.storyboard */,
				72DE7BB825C69D74006385C3 /* Assets.xcassets */,
				72DE7BBA25C69D74006385C3 /* LaunchScreen.storyboard */,
				72DE7BBD25C69D74006385C3 /* Info.plist */,
				72DC1BC025C9825A00571CBE /* ResultViewController.swift */,
				72DC1BC525C9833600571CBE /* totalScore.swift */,
			);
			path = ChosenOne;
			sourceTree = "<group>";
		};
		72DE7BC525C69D74006385C3 /* ChosenOneTests */ = {
			isa = PBXGroup;
			children = (
				72DE7BC625C69D74006385C3 /* ChosenOneTests.swift */,
				72DE7BC825C69D74006385C3 /* Info.plist */,
			);
			path = ChosenOneTests;
			sourceTree = "<group>";
		};
		72DE7BD025C69D74006385C3 /* ChosenOneUITests */ = {
			isa = PBXGroup;
			children = (
				72DE7BD125C69D74006385C3 /* ChosenOneUITests.swift */,
				72DE7BD325C69D74006385C3 /* Info.plist */,
			);
			path = ChosenOneUITests;
			sourceTree = "<group>";
		};
/* End PBXGroup section */

/* Begin PBXNativeTarget section */
		72DE7BAB25C69D71006385C3 /* ChosenOne */ = {
			isa = PBXNativeTarget;
			buildConfigurationList = 72DE7BD625C69D74006385C3 /* Build configuration list for PBXNativeTarget "ChosenOne" */;
			buildPhases = (
				72DE7BA825C69D71006385C3 /* Sources */,
				72DE7BA925C69D71006385C3 /* Frameworks */,
				72DE7BAA25C69D71006385C3 /* Resources */,
			);
			buildRules = (
			);
			dependencies = (
			);
			name = ChosenOne;
			productName = ChosenOne;
			productReference = 72DE7BAC25C69D71006385C3 /* ChosenOne.app */;
			productType = "com.apple.product-type.application";
		};
		72DE7BC125C69D74006385C3 /* ChosenOneTests */ = {
			isa = PBXNativeTarget;
			buildConfigurationList = 72DE7BD925C69D74006385C3 /* Build configuration list for PBXNativeTarget "ChosenOneTests" */;
			buildPhases = (
				72DE7BBE25C69D74006385C3 /* Sources */,
				72DE7BBF25C69D74006385C3 /* Frameworks */,
				72DE7BC025C69D74006385C3 /* Resources */,
			);
			buildRules = (
			);
			dependencies = (
				72DE7BC425C69D74006385C3 /* PBXTargetDependency */,
			);
			name = ChosenOneTests;
			productName = ChosenOneTests;
			productReference = 72DE7BC225C69D74006385C3 /* ChosenOneTests.xctest */;
			productType = "com.apple.product-type.bundle.unit-test";
		};
		72DE7BCC25C69D74006385C3 /* ChosenOneUITests */ = {
			isa = PBXNativeTarget;
			buildConfigurationList = 72DE7BDC25C69D74006385C3 /* Build configuration list for PBXNativeTarget "ChosenOneUITests" */;
			buildPhases = (
				72DE7BC925C69D74006385C3 /* Sources */,
				72DE7BCA25C69D74006385C3 /* Frameworks */,
				72DE7BCB25C69D74006385C3 /* Resources */,
			);
			buildRules = (
			);
			dependencies = (
				72DE7BCF25C69D74006385C3 /* PBXTargetDependency */,
			);
			name = ChosenOneUITests;
			productName = ChosenOneUITests;
			productReference = 72DE7BCD25C69D74006385C3 /* ChosenOneUITests.xctest */;
			productType = "com.apple.product-type.bundle.ui-testing";
		};
/* End PBXNativeTarget section */

/* Begin PBXProject section */
		72DE7BA425C69D71006385C3 /* Project object */ = {
			isa = PBXProject;
			attributes = {
				LastSwiftUpdateCheck = 1240;
				LastUpgradeCheck = 1240;
				TargetAttributes = {
					72DE7BAB25C69D71006385C3 = {
						CreatedOnToolsVersion = 12.4;
					};
					72DE7BC125C69D74006385C3 = {
						CreatedOnToolsVersion = 12.4;
						TestTargetID = 72DE7BAB25C69D71006385C3;
					};
					72DE7BCC25C69D74006385C3 = {
						CreatedOnToolsVersion = 12.4;
						TestTargetID = 72DE7BAB25C69D71006385C3;
					};
				};
			};
			buildConfigurationList = 72DE7BA725C69D71006385C3 /* Build configuration list for PBXProject "ChosenOne" */;
			compatibilityVersion = "Xcode 9.3";
			developmentRegion = en;
			hasScannedForEncodings = 0;
			knownRegions = (
				en,
				Base,
			);
			mainGroup = 72DE7BA325C69D71006385C3;
			productRefGroup = 72DE7BAD25C69D71006385C3 /* Products */;
			projectDirPath = "";
			projectRoot = "";
			targets = (
				72DE7BAB25C69D71006385C3 /* ChosenOne */,
				72DE7BC125C69D74006385C3 /* ChosenOneTests */,
				72DE7BCC25C69D74006385C3 /* ChosenOneUITests */,
			);
		};
/* End PBXProject section */

/* Begin PBXResourcesBuildPhase section */
		72DE7BAA25C69D71006385C3 /* Resources */ = {
			isa = PBXResourcesBuildPhase;
			buildActionMask = 2147483647;
			files = (
				72DE7BBC25C69D74006385C3 /* LaunchScreen.storyboard in Resources */,
				72DE7BB925C69D74006385C3 /* Assets.xcassets in Resources */,
				72DE7BB725C69D71006385C3 /* Main.storyboard in Resources */,
			);
			runOnlyForDeploymentPostprocessing = 0;
		};
		72DE7BC025C69D74006385C3 /* Resources */ = {
			isa = PBXResourcesBuildPhase;
			buildActionMask = 2147483647;
			files = (
			);
			runOnlyForDeploymentPostprocessing = 0;
		};
		72DE7BCB25C69D74006385C3 /* Resources */ = {
			isa = PBXResourcesBuildPhase;
			buildActionMask = 2147483647;
			files = (
			);
			runOnlyForDeploymentPostprocessing = 0;
		};
/* End PBXResourcesBuildPhase section */

/* Begin PBXSourcesBuildPhase section */
		72DE7BA825C69D71006385C3 /* Sources */ = {
			isa = PBXSourcesBuildPhase;
			buildActionMask = 2147483647;
			files = (
				72DC1BC125C9825A00571CBE /* ResultViewController.swift in Sources */,
				72DE7BB425C69D71006385C3 /* ViewController.swift in Sources */,
				72DE7BB025C69D71006385C3 /* AppDelegate.swift in Sources */,
				72DE7BB225C69D71006385C3 /* SceneDelegate.swift in Sources */,
				72DC1BC625C9833600571CBE /* totalScore.swift in Sources */,
			);
			runOnlyForDeploymentPostprocessing = 0;
		};
		72DE7BBE25C69D74006385C3 /* Sources */ = {
			isa = PBXSourcesBuildPhase;
			buildActionMask = 2147483647;
			files = (
				72DE7BC725C69D74006385C3 /* ChosenOneTests.swift in Sources */,
			);
			runOnlyForDeploymentPostprocessing = 0;
		};
		72DE7BC925C69D74006385C3 /* Sources */ = {
			isa = PBXSourcesBuildPhase;
			buildActionMask = 2147483647;
			files = (
				72DE7BD225C69D74006385C3 /* ChosenOneUITests.swift in Sources */,
			);
			runOnlyForDeploymentPostprocessing = 0;
		};
/* End PBXSourcesBuildPhase section */

/* Begin PBXTargetDependency section */
		72DE7BC425C69D74006385C3 /* PBXTargetDependency */ = {
			isa = PBXTargetDependency;
			target = 72DE7BAB25C69D71006385C3 /* ChosenOne */;
			targetProxy = 72DE7BC325C69D74006385C3 /* PBXContainerItemProxy */;
		};
		72DE7BCF25C69D74006385C3 /* PBXTargetDependency */ = {
			isa = PBXTargetDependency;
			target = 72DE7BAB25C69D71006385C3 /* ChosenOne */;
			targetProxy = 72DE7BCE25C69D74006385C3 /* PBXContainerItemProxy */;
		};
/* End PBXTargetDependency section */

/* Begin PBXVariantGroup section */
		72DE7BB525C69D71006385C3 /* Main.storyboard */ = {
			isa = PBXVariantGroup;
			children = (
				72DE7BB625C69D71006385C3 /* Base */,
			);
			name = Main.storyboard;
			sourceTree = "<group>";
		};
		72DE7BBA25C69D74006385C3 /* LaunchScreen.storyboard */ = {
			isa = PBXVariantGroup;
			children = (
				72DE7BBB25C69D74006385C3 /* Base */,
			);
			name = LaunchScreen.storyboard;
			sourceTree = "<group>";
		};
/* End PBXVariantGroup section */

/* Begin XCBuildConfiguration section */
		72DE7BD425C69D74006385C3 /* Debug */ = {
			isa = XCBuildConfiguration;
			buildSettings = {
				ALWAYS_SEARCH_USER_PATHS = NO;
				CLANG_ANALYZER_NONNULL = YES;
				CLANG_ANALYZER_NUMBER_OBJECT_CONVERSION = YES_AGGRESSIVE;
				CLANG_CXX_LANGUAGE_STANDARD = "gnu++14";
				CLANG_CXX_LIBRARY = "libc++";
				CLANG_ENABLE_MODULES = YES;
				CLANG_ENABLE_OBJC_ARC = YES;
				CLANG_ENABLE_OBJC_WEAK = YES;
				CLANG_WARN_BLOCK_CAPTURE_AUTORELEASING = YES;
				CLANG_WARN_BOOL_CONVERSION = YES;
				CLANG_WARN_COMMA = YES;
				CLANG_WARN_CONSTANT_CONVERSION = YES;
				CLANG_WARN_DEPRECATED_OBJC_IMPLEMENTATIONS = YES;
				CLANG_WARN_DIRECT_OBJC_ISA_USAGE = YES_ERROR;
				CLANG_WARN_DOCUMENTATION_COMMENTS = YES;
				CLANG_WARN_EMPTY_BODY = YES;
				CLANG_WARN_ENUM_CONVERSION = YES;
				CLANG_WARN_INFINITE_RECURSION = YES;
				CLANG_WARN_INT_CONVERSION = YES;
				CLANG_WARN_NON_LITERAL_NULL_CONVERSION = YES;
				CLANG_WARN_OBJC_IMPLICIT_RETAIN_SELF = YES;
				CLANG_WARN_OBJC_LITERAL_CONVERSION = YES;
				CLANG_WARN_OBJC_ROOT_CLASS = YES_ERROR;
				CLANG_WARN_QUOTED_INCLUDE_IN_FRAMEWORK_HEADER = YES;
				CLANG_WARN_RANGE_LOOP_ANALYSIS = YES;
				CLANG_WARN_STRICT_PROTOTYPES = YES;
				CLANG_WARN_SUSPICIOUS_MOVE = YES;
				CLANG_WARN_UNGUARDED_AVAILABILITY = YES_AGGRESSIVE;
				CLANG_WARN_UNREACHABLE_CODE = YES;
				CLANG_WARN__DUPLICATE_METHOD_MATCH = YES;
				COPY_PHASE_STRIP = NO;
				DEBUG_INFORMATION_FORMAT = dwarf;
				ENABLE_STRICT_OBJC_MSGSEND = YES;
				ENABLE_TESTABILITY = YES;
				GCC_C_LANGUAGE_STANDARD = gnu11;
				GCC_DYNAMIC_NO_PIC = NO;
				GCC_NO_COMMON_BLOCKS = YES;
				GCC_OPTIMIZATION_LEVEL = 0;
				GCC_PREPROCESSOR_DEFINITIONS = (
					"DEBUG=1",
					"$(inherited)",
				);
				GCC_WARN_64_TO_32_BIT_CONVERSION = YES;
				GCC_WARN_ABOUT_RETURN_TYPE = YES_ERROR;
				GCC_WARN_UNDECLARED_SELECTOR = YES;
				GCC_WARN_UNINITIALIZED_AUTOS = YES_AGGRESSIVE;
				GCC_WARN_UNUSED_FUNCTION = YES;
				GCC_WARN_UNUSED_VARIABLE = YES;
				IPHONEOS_DEPLOYMENT_TARGET = 14.4;
				MTL_ENABLE_DEBUG_INFO = INCLUDE_SOURCE;
				MTL_FAST_MATH = YES;
				ONLY_ACTIVE_ARCH = YES;
				SDKROOT = iphoneos;
				SWIFT_ACTIVE_COMPILATION_CONDITIONS = DEBUG;
				SWIFT_OPTIMIZATION_LEVEL = "-Onone";
			};
			name = Debug;
		};
		72DE7BD525C69D74006385C3 /* Release */ = {
			isa = XCBuildConfiguration;
			buildSettings = {
				ALWAYS_SEARCH_USER_PATHS = NO;
				CLANG_ANALYZER_NONNULL = YES;
				CLANG_ANALYZER_NUMBER_OBJECT_CONVERSION = YES_AGGRESSIVE;
				CLANG_CXX_LANGUAGE_STANDARD = "gnu++14";
				CLANG_CXX_LIBRARY = "libc++";
				CLANG_ENABLE_MODULES = YES;
				CLANG_ENABLE_OBJC_ARC = YES;
				CLANG_ENABLE_OBJC_WEAK = YES;
				CLANG_WARN_BLOCK_CAPTURE_AUTORELEASING = YES;
				CLANG_WARN_BOOL_CONVERSION = YES;
				CLANG_WARN_COMMA = YES;
				CLANG_WARN_CONSTANT_CONVERSION = YES;
				CLANG_WARN_DEPRECATED_OBJC_IMPLEMENTATIONS = YES;
				CLANG_WARN_DIRECT_OBJC_ISA_USAGE = YES_ERROR;
				CLANG_WARN_DOCUMENTATION_COMMENTS = YES;
				CLANG_WARN_EMPTY_BODY = YES;
				CLANG_WARN_ENUM_CONVERSION = YES;
				CLANG_WARN_INFINITE_RECURSION = YES;
				CLANG_WARN_INT_CONVERSION = YES;
				CLANG_WARN_NON_LITERAL_NULL_CONVERSION = YES;
				CLANG_WARN_OBJC_IMPLICIT_RETAIN_SELF = YES;
				CLANG_WARN_OBJC_LITERAL_CONVERSION = YES;
				CLANG_WARN_OBJC_ROOT_CLASS = YES_ERROR;
				CLANG_WARN_QUOTED_INCLUDE_IN_FRAMEWORK_HEADER = YES;
				CLANG_WARN_RANGE_LOOP_ANALYSIS = YES;
				CLANG_WARN_STRICT_PROTOTYPES = YES;
				CLANG_WARN_SUSPICIOUS_MOVE = YES;
				CLANG_WARN_UNGUARDED_AVAILABILITY = YES_AGGRESSIVE;
				CLANG_WARN_UNREACHABLE_CODE = YES;
				CLANG_WARN__DUPLICATE_METHOD_MATCH = YES;
				COPY_PHASE_STRIP = NO;
				DEBUG_INFORMATION_FORMAT = "dwarf-with-dsym";
				ENABLE_NS_ASSERTIONS = NO;
				ENABLE_STRICT_OBJC_MSGSEND = YES;
				GCC_C_LANGUAGE_STANDARD = gnu11;
				GCC_NO_COMMON_BLOCKS = YES;
				GCC_WARN_64_TO_32_BIT_CONVERSION = YES;
				GCC_WARN_ABOUT_RETURN_TYPE = YES_ERROR;
				GCC_WARN_UNDECLARED_SELECTOR = YES;
				GCC_WARN_UNINITIALIZED_AUTOS = YES_AGGRESSIVE;
				GCC_WARN_UNUSED_FUNCTION = YES;
				GCC_WARN_UNUSED_VARIABLE = YES;
				IPHONEOS_DEPLOYMENT_TARGET = 14.4;
				MTL_ENABLE_DEBUG_INFO = NO;
				MTL_FAST_MATH = YES;
				SDKROOT = iphoneos;
				SWIFT_COMPILATION_MODE = wholemodule;
				SWIFT_OPTIMIZATION_LEVEL = "-O";
				VALIDATE_PRODUCT = YES;
			};
			name = Release;
		};
		72DE7BD725C69D74006385C3 /* Debug */ = {
			isa = XCBuildConfiguration;
			buildSettings = {
				ASSETCATALOG_COMPILER_APPICON_NAME = AppIcon;
				ASSETCATALOG_COMPILER_GLOBAL_ACCENT_COLOR_NAME = AccentColor;
				CODE_SIGN_STYLE = Automatic;
				DEVELOPMENT_TEAM = 646GSFJ3A2;
				INFOPLIST_FILE = ChosenOne/Info.plist;
				LD_RUNPATH_SEARCH_PATHS = (
					"$(inherited)",
					"@executable_path/Frameworks",
				);
				PRODUCT_BUNDLE_IDENTIFIER = test01.ChosenOne;
				PRODUCT_NAME = "$(TARGET_NAME)";
				SWIFT_VERSION = 5.0;
				TARGETED_DEVICE_FAMILY = "1,2";
			};
			name = Debug;
		};
		72DE7BD825C69D74006385C3 /* Release */ = {
			isa = XCBuildConfiguration;
			buildSettings = {
				ASSETCATALOG_COMPILER_APPICON_NAME = AppIcon;
				ASSETCATALOG_COMPILER_GLOBAL_ACCENT_COLOR_NAME = AccentColor;
				CODE_SIGN_STYLE = Automatic;
				DEVELOPMENT_TEAM = 646GSFJ3A2;
				INFOPLIST_FILE = ChosenOne/Info.plist;
				LD_RUNPATH_SEARCH_PATHS = (
					"$(inherited)",
					"@executable_path/Frameworks",
				);
				PRODUCT_BUNDLE_IDENTIFIER = test01.ChosenOne;
				PRODUCT_NAME = "$(TARGET_NAME)";
				SWIFT_VERSION = 5.0;
				TARGETED_DEVICE_FAMILY = "1,2";
			};
			name = Release;
		};
		72DE7BDA25C69D74006385C3 /* Debug */ = {
			isa = XCBuildConfiguration;
			buildSettings = {
				ALWAYS_EMBED_SWIFT_STANDARD_LIBRARIES = YES;
				BUNDLE_LOADER = "$(TEST_HOST)";
				CODE_SIGN_STYLE = Automatic;
				DEVELOPMENT_TEAM = 646GSFJ3A2;
				INFOPLIST_FILE = ChosenOneTests/Info.plist;
				IPHONEOS_DEPLOYMENT_TARGET = 14.4;
				LD_RUNPATH_SEARCH_PATHS = (
					"$(inherited)",
					"@executable_path/Frameworks",
					"@loader_path/Frameworks",
				);
				PRODUCT_BUNDLE_IDENTIFIER = test01.ChosenOneTests;
				PRODUCT_NAME = "$(TARGET_NAME)";
				SWIFT_VERSION = 5.0;
				TARGETED_DEVICE_FAMILY = "1,2";
				TEST_HOST = "$(BUILT_PRODUCTS_DIR)/ChosenOne.app/ChosenOne";
			};
			name = Debug;
		};
		72DE7BDB25C69D74006385C3 /* Release */ = {
			isa = XCBuildConfiguration;
			buildSettings = {
				ALWAYS_EMBED_SWIFT_STANDARD_LIBRARIES = YES;
				BUNDLE_LOADER = "$(TEST_HOST)";
				CODE_SIGN_STYLE = Automatic;
				DEVELOPMENT_TEAM = 646GSFJ3A2;
				INFOPLIST_FILE = ChosenOneTests/Info.plist;
				IPHONEOS_DEPLOYMENT_TARGET = 14.4;
				LD_RUNPATH_SEARCH_PATHS = (
					"$(inherited)",
					"@executable_path/Frameworks",
					"@loader_path/Frameworks",
				);
				PRODUCT_BUNDLE_IDENTIFIER = test01.ChosenOneTests;
				PRODUCT_NAME = "$(TARGET_NAME)";
				SWIFT_VERSION = 5.0;
				TARGETED_DEVICE_FAMILY = "1,2";
				TEST_HOST = "$(BUILT_PRODUCTS_DIR)/ChosenOne.app/ChosenOne";
			};
			name = Release;
		};
		72DE7BDD25C69D74006385C3 /* Debug */ = {
			isa = XCBuildConfiguration;
			buildSettings = {
				ALWAYS_EMBED_SWIFT_STANDARD_LIBRARIES = YES;
				CODE_SIGN_STYLE = Automatic;
				DEVELOPMENT_TEAM = 646GSFJ3A2;
				INFOPLIST_FILE = ChosenOneUITests/Info.plist;
				LD_RUNPATH_SEARCH_PATHS = (
					"$(inherited)",
					"@executable_path/Frameworks",
					"@loader_path/Frameworks",
				);
				PRODUCT_BUNDLE_IDENTIFIER = test01.ChosenOneUITests;
				PRODUCT_NAME = "$(TARGET_NAME)";
				SWIFT_VERSION = 5.0;
				TARGETED_DEVICE_FAMILY = "1,2";
				TEST_TARGET_NAME = ChosenOne;
			};
			name = Debug;
		};
		72DE7BDE25C69D74006385C3 /* Release */ = {
			isa = XCBuildConfiguration;
			buildSettings = {
				ALWAYS_EMBED_SWIFT_STANDARD_LIBRARIES = YES;
				CODE_SIGN_STYLE = Automatic;
				DEVELOPMENT_TEAM = 646GSFJ3A2;
				INFOPLIST_FILE = ChosenOneUITests/Info.plist;
				LD_RUNPATH_SEARCH_PATHS = (
					"$(inherited)",
					"@executable_path/Frameworks",
					"@loader_path/Frameworks",
				);
				PRODUCT_BUNDLE_IDENTIFIER = test01.ChosenOneUITests;
				PRODUCT_NAME = "$(TARGET_NAME)";
				SWIFT_VERSION = 5.0;
				TARGETED_DEVICE_FAMILY = "1,2";
				TEST_TARGET_NAME = ChosenOne;
			};
			name = Release;
		};
/* End XCBuildConfiguration section */

/* Begin XCConfigurationList section */
		72DE7BA725C69D71006385C3 /* Build configuration list for PBXProject "ChosenOne" */ = {
			isa = XCConfigurationList;
			buildConfigurations = (
				72DE7BD425C69D74006385C3 /* Debug */,
				72DE7BD525C69D74006385C3 /* Release */,
			);
			defaultConfigurationIsVisible = 0;
			defaultConfigurationName = Release;
		};
		72DE7BD625C69D74006385C3 /* Build configuration list for PBXNativeTarget "ChosenOne" */ = {
			isa = XCConfigurationList;
			buildConfigurations = (
				72DE7BD725C69D74006385C3 /* Debug */,
				72DE7BD825C69D74006385C3 /* Release */,
			);
			defaultConfigurationIsVisible = 0;
			defaultConfigurationName = Release;
		};
		72DE7BD925C69D74006385C3 /* Build configuration list for PBXNativeTarget "ChosenOneTests" */ = {
			isa = XCConfigurationList;
			buildConfigurations = (
				72DE7BDA25C69D74006385C3 /* Debug */,
				72DE7BDB25C69D74006385C3 /* Release */,
			);
			defaultConfigurationIsVisible = 0;
			defaultConfigurationName = Release;
		};
		72DE7BDC25C69D74006385C3 /* Build configuration list for PBXNativeTarget "ChosenOneUITests" */ = {
			isa = XCConfigurationList;
			buildConfigurations = (
				72DE7BDD25C69D74006385C3 /* Debug */,
				72DE7BDE25C69D74006385C3 /* Release */,
			);
			defaultConfigurationIsVisible = 0;
			defaultConfigurationName = Release;
		};
/* End XCConfigurationList section */
	};
	rootObject = 72DE7BA425C69D71006385C3 /* Project object */;
}
